{
  "nodes": {
    "elephant": {
      "inputs": {
        "nixpkgs": [
          "walker",
          "nixpkgs"
        ],
        "systems": [
          "walker",
          "systems"
        ]
      },
      "locked": {
        "lastModified": 1757324547,
        "narHash": "sha256-tF02X+iIca3/KrO6A6etU2aoAjkSFWtPjXXngncaazA=",
        "owner": "abenz1267",
        "repo": "elephant",
        "rev": "8eddcd1fe46159ff25dcdf79b658bc6fa95249fc",
        "type": "github"
      },
      "original": {
        "owner": "abenz1267",
        "repo": "elephant",
        "type": "github"
      }
    },
    "flake-utils": {
      "inputs": {
        "systems": "systems"
      },
      "locked": {
        "lastModified": 1731533236,
        "narHash": "sha256-l0KFg5HjrsfsO/JpG+r7fRrqm12kzFHyUHqHCVpMMbI=",
        "owner": "numtide",
        "repo": "flake-utils",
        "rev": "11707dc2f618dd54ca8739b309ec4fc024de578b",
        "type": "github"
      },
      "original": {
        "owner": "numtide",
        "repo": "flake-utils",
        "type": "github"
      }
    },
    "home-manager": {
      "inputs": {
        "nixpkgs": [
          "nixpkgs"
        ]
      },
      "locked": {
        "lastModified": 1758463745,
        "narHash": "sha256-uhzsV0Q0I9j2y/rfweWeGif5AWe0MGrgZ/3TjpDYdGA=",
        "owner": "nix-community",
        "repo": "home-manager",
        "rev": "3b955f5f0a942f9f60cdc9cacb7844335d0f21c3",
        "type": "github"
      },
      "original": {
        "owner": "nix-community",
        "ref": "release-25.05",
        "repo": "home-manager",
        "type": "github"
      }
    },
    "minegrub-theme": {
      "inputs": {
        "nixpkgs": "nixpkgs"
      },
      "locked": {
        "lastModified": 1752413064,
        "narHash": "sha256-bcWxBAAvf5hp0TmMbYrwU4SlBxc5sB/T2VsIBdX1gDk=",
        "owner": "Lxtharia",
        "repo": "minegrub-theme",
        "rev": "040b163268be6e7cf743ba990177525dc47ed944",
        "type": "github"
      },
      "original": {
        "owner": "Lxtharia",
        "repo": "minegrub-theme",
        "type": "github"
      }
    },
    "minegrub-world-sel-theme": {
      "inputs": {
        "nixpkgs": "nixpkgs_2"
      },
      "locked": {
        "lastModified": 1755441431,
        "narHash": "sha256-X3AevoAmeyAAWkofXhK8vkfFO7lUSct0sAyKQ5MD6ak=",
        "owner": "Lxtharia",
        "repo": "minegrub-world-sel-theme",
        "rev": "00254ae5e1836ede1ad502b74dac162eab8eebe2",
        "type": "github"
      },
      "original": {
        "owner": "Lxtharia",
        "repo": "minegrub-world-sel-theme",
        "type": "github"
      }
    },
    "minesddm": {
      "inputs": {
        "flake-utils": "flake-utils",
        "nixpkgs": [
          "nixpkgs"
        ]
      },
      "locked": {
        "lastModified": 1757296702,
        "narHash": "sha256-xlfVyMVT0tYqOOkHTdtbl5utHM4AVFZKrfgBOk7UoiE=",
        "owner": "Davi-S",
        "repo": "sddm-theme-minesddm",
        "rev": "cdc13ec026f33546adde2ef08bfc1608027d0316",
        "type": "github"
      },
      "original": {
        "owner": "Davi-S",
        "repo": "sddm-theme-minesddm",
        "type": "github"
      }
    },
    "nixpkgs": {
      "locked": {
        "lastModified": 1689850295,
        "narHash": "sha256-fUYf6WdQlhd2H+3aR8jST5dhFH1d0eE22aes8fNIfyk=",
        "owner": "NixOS",
        "repo": "nixpkgs",
        "rev": "5df4d78d54f7a34e9ea1f84a22b4fd9baebc68d0",
        "type": "github"
      },
      "original": {
        "owner": "NixOS",
        "ref": "nixos-unstable",
        "repo": "nixpkgs",
        "type": "github"
      }
    },
    "nixpkgs-unstable": {
      "locked": {
        "lastModified": 1759036355,
        "narHash": "sha256-0m27AKv6ka+q270dw48KflE0LwQYrO7Fm4/2//KCVWg=",
        "owner": "NixOS",
        "repo": "nixpkgs",
        "rev": "e9f00bd893984bc8ce46c895c3bf7cac95331127",
        "type": "github"
      },
      "original": {
        "owner": "NixOS",
        "ref": "nixos-unstable",
        "repo": "nixpkgs",
        "type": "github"
      }
    },
    "nixpkgs_2": {
      "locked": {
        "lastModified": 1719317636,
        "narHash": "sha256-bu0xbu2Z6DDzA9LGV81yJunIti6r7tjUImeR8orAL/I=",
        "owner": "NixOS",
        "repo": "nixpkgs",
        "rev": "9c513fc6fb75142f6aec6b7545cb8af2236b80f5",
        "type": "github"
      },
      "original": {
        "owner": "NixOS",
        "ref": "nixpkgs-unstable",
        "repo": "nixpkgs",
        "type": "github"
      }
    },
    "nixpkgs_3": {
      "locked": {
        "lastModified": 1759143472,
        "narHash": "sha256-TvODmeR2W7yX/JmOCmP+lAFNkTT7hAxYcF3Kz8SZV3w=",
        "owner": "NixOS",
        "repo": "nixpkgs",
        "rev": "5ed4e25ab58fd4c028b59d5611e14ea64de51d23",
        "type": "github"
      },
      "original": {
        "owner": "NixOS",
        "ref": "nixos-25.05",
        "repo": "nixpkgs",
        "type": "github"
      }
    },
    "nixpkgs_4": {
      "locked": {
        "lastModified": 1757068644,
        "narHash": "sha256-NOrUtIhTkIIumj1E/Rsv1J37Yi3xGStISEo8tZm3KW4=",
        "owner": "NixOS",
        "repo": "nixpkgs",
        "rev": "8eb28adfa3dc4de28e792e3bf49fcf9007ca8ac9",
        "type": "github"
      },
      "original": {
        "owner": "NixOS",
        "ref": "nixos-unstable",
        "repo": "nixpkgs",
        "type": "github"
      }
    },
    "root": {
      "inputs": {
        "home-manager": "home-manager",
        "minegrub-theme": "minegrub-theme",
        "minegrub-world-sel-theme": "minegrub-world-sel-theme",
        "minesddm": "minesddm",
        "nixpkgs": "nixpkgs_3",
        "nixpkgs-unstable": "nixpkgs-unstable",
        "walker": "walker"
      }
    },
    "systems": {
      "locked": {
        "lastModified": 1681028828,
        "narHash": "sha256-Vy1rq5AaRuLzOxct8nz4T6wlgyUR7zLU309k9mBC768=",
        "owner": "nix-systems",
        "repo": "default",
        "rev": "da67096a3b9bf56a91d16901293e51ba5b49a27e",
        "type": "github"
      },
      "original": {
        "owner": "nix-systems",
        "repo": "default",
        "type": "github"
      }
    },
    "systems_2": {
      "locked": {
        "lastModified": 1689347949,
        "narHash": "sha256-12tWmuL2zgBgZkdoB6qXZsgJEH9LR3oUgpaQq2RbI80=",
        "owner": "nix-systems",
        "repo": "default-linux",
        "rev": "31732fcf5e8fea42e59c2488ad31a0e651500f68",
        "type": "github"
      },
      "original": {
        "owner": "nix-systems",
        "repo": "default-linux",
        "type": "github"
      }
    },
    "walker": {
      "inputs": {
        "elephant": "elephant",
        "nixpkgs": "nixpkgs_4",
        "systems": "systems_2"
      },
      "locked": {
        "lastModified": 1759154487,
        "narHash": "sha256-ycgSh3rPiiZ+PEtKhdxXyMF8JnOD4xUYyFQ2gfuv1G4=",
        "owner": "abenz1267",
        "repo": "walker",
        "rev": "d5e74c02bd9dc8b11163e9d012ef4337c2a665e9",
        "type": "github"
      },
      "original": {
        "owner": "abenz1267",
        "repo": "walker",
        "type": "github"
      }
    }
  },
  "root": "root",
  "version": 7
}
